
Microsoft Visual Studio Solution File, Format Version 12.00
# Visual Studio Version 17
VisualStudioVersion = 17.10.34928.147
MinimumVisualStudioVersion = 10.0.40219.1
Project("{FAE04EC0-301F-11D3-BF4B-00C04F79EFBC}") = "08.10.24 String Case Switch", "08.10.24 String Case Switch.csproj", "{A0713DDB-68B4-4C40-9DEC-0867E0BE4BB6}"
EndProject
Global
	GlobalSection(SolutionConfigurationPlatforms) = preSolution
		Debug|Any CPU = Debug|Any CPU
		Release|Any CPU = Release|Any CPU
	EndGlobalSection
	GlobalSection(ProjectConfigurationPlatforms) = postSolution
		{A0713DDB-68B4-4C40-9DEC-0867E0BE4BB6}.Debug|Any CPU.ActiveCfg = Debug|Any CPU
		{A0713DDB-68B4-4C40-9DEC-0867E0BE4BB6}.Debug|Any CPU.Build.0 = Debug|Any CPU
		{A0713DDB-68B4-4C40-9DEC-0867E0BE4BB6}.Release|Any CPU.ActiveCfg = Release|Any CPU
		{A0713DDB-68B4-4C40-9DEC-0867E0BE4BB6}.Release|Any CPU.Build.0 = Release|Any CPU
	EndGlobalSection
	GlobalSection(SolutionProperties) = preSolution
		HideSolutionNode = FALSE
	EndGlobalSection
	GlobalSection(ExtensibilityGlobals) = postSolution
		SolutionGuid = {359C8A0D-4D06-425B-B9E4-62EB75B65AA1}
	EndGlobalSection
EndGlobal
