
Microsoft Visual Studio Solution File, Format Version 12.00
# Visual Studio Version 17
VisualStudioVersion = 17.10.34928.147
MinimumVisualStudioVersion = 10.0.40219.1
Project("{FAE04EC0-301F-11D3-BF4B-00C04F79EFBC}") = "18.12.24 Structures", "18.12.24 Structures.csproj", "{7911651C-C95C-4586-8C4E-59488F292647}"
EndProject
Global
	GlobalSection(SolutionConfigurationPlatforms) = preSolution
		Debug|Any CPU = Debug|Any CPU
		Release|Any CPU = Release|Any CPU
	EndGlobalSection
	GlobalSection(ProjectConfigurationPlatforms) = postSolution
		{7911651C-C95C-4586-8C4E-59488F292647}.Debug|Any CPU.ActiveCfg = Debug|Any CPU
		{7911651C-C95C-4586-8C4E-59488F292647}.Debug|Any CPU.Build.0 = Debug|Any CPU
		{7911651C-C95C-4586-8C4E-59488F292647}.Release|Any CPU.ActiveCfg = Release|Any CPU
		{7911651C-C95C-4586-8C4E-59488F292647}.Release|Any CPU.Build.0 = Release|Any CPU
	EndGlobalSection
	GlobalSection(SolutionProperties) = preSolution
		HideSolutionNode = FALSE
	EndGlobalSection
	GlobalSection(ExtensibilityGlobals) = postSolution
		SolutionGuid = {F0FF1FC2-A340-4485-B5A8-98AFBF4E84B6}
	EndGlobalSection
EndGlobal
