
Microsoft Visual Studio Solution File, Format Version 12.00
# Visual Studio Version 17
VisualStudioVersion = 17.10.34928.147
MinimumVisualStudioVersion = 10.0.40219.1
Project("{FAE04EC0-301F-11D3-BF4B-00C04F79EFBC}") = "18.10.24 Cinema Tickets", "18.10.24 Cinema Tickets.csproj", "{BDB97FDE-D63B-4D70-BF3D-6C4DAAFB68D2}"
EndProject
Global
	GlobalSection(SolutionConfigurationPlatforms) = preSolution
		Debug|Any CPU = Debug|Any CPU
		Release|Any CPU = Release|Any CPU
	EndGlobalSection
	GlobalSection(ProjectConfigurationPlatforms) = postSolution
		{BDB97FDE-D63B-4D70-BF3D-6C4DAAFB68D2}.Debug|Any CPU.ActiveCfg = Debug|Any CPU
		{BDB97FDE-D63B-4D70-BF3D-6C4DAAFB68D2}.Debug|Any CPU.Build.0 = Debug|Any CPU
		{BDB97FDE-D63B-4D70-BF3D-6C4DAAFB68D2}.Release|Any CPU.ActiveCfg = Release|Any CPU
		{BDB97FDE-D63B-4D70-BF3D-6C4DAAFB68D2}.Release|Any CPU.Build.0 = Release|Any CPU
	EndGlobalSection
	GlobalSection(SolutionProperties) = preSolution
		HideSolutionNode = FALSE
	EndGlobalSection
	GlobalSection(ExtensibilityGlobals) = postSolution
		SolutionGuid = {FEC868D3-87D9-4F44-8E43-C0D589458120}
	EndGlobalSection
EndGlobal
