
Microsoft Visual Studio Solution File, Format Version 12.00
# Visual Studio Version 17
VisualStudioVersion = 17.10.34928.147
MinimumVisualStudioVersion = 10.0.40219.1
Project("{FAE04EC0-301F-11D3-BF4B-00C04F79EFBC}") = "04.11.24 Coloured Triangles", "04.11.24 Coloured Triangles.csproj", "{15D9A185-CCA3-470C-88E4-E63584BC751A}"
EndProject
Global
	GlobalSection(SolutionConfigurationPlatforms) = preSolution
		Debug|Any CPU = Debug|Any CPU
		Release|Any CPU = Release|Any CPU
	EndGlobalSection
	GlobalSection(ProjectConfigurationPlatforms) = postSolution
		{15D9A185-CCA3-470C-88E4-E63584BC751A}.Debug|Any CPU.ActiveCfg = Debug|Any CPU
		{15D9A185-CCA3-470C-88E4-E63584BC751A}.Debug|Any CPU.Build.0 = Debug|Any CPU
		{15D9A185-CCA3-470C-88E4-E63584BC751A}.Release|Any CPU.ActiveCfg = Release|Any CPU
		{15D9A185-CCA3-470C-88E4-E63584BC751A}.Release|Any CPU.Build.0 = Release|Any CPU
	EndGlobalSection
	GlobalSection(SolutionProperties) = preSolution
		HideSolutionNode = FALSE
	EndGlobalSection
	GlobalSection(ExtensibilityGlobals) = postSolution
		SolutionGuid = {8B059E1F-D81D-4AD6-9989-B260B6C3B0B4}
	EndGlobalSection
EndGlobal
