
Microsoft Visual Studio Solution File, Format Version 12.00
# Visual Studio Version 17
VisualStudioVersion = 17.10.34928.147
MinimumVisualStudioVersion = 10.0.40219.1
Project("{FAE04EC0-301F-11D3-BF4B-00C04F79EFBC}") = "08.10.24 Reverse String", "08.10.24 Reverse String.csproj", "{6EDEA2BE-105F-4959-ABDA-B0D1A7689896}"
EndProject
Global
	GlobalSection(SolutionConfigurationPlatforms) = preSolution
		Debug|Any CPU = Debug|Any CPU
		Release|Any CPU = Release|Any CPU
	EndGlobalSection
	GlobalSection(ProjectConfigurationPlatforms) = postSolution
		{6EDEA2BE-105F-4959-ABDA-B0D1A7689896}.Debug|Any CPU.ActiveCfg = Debug|Any CPU
		{6EDEA2BE-105F-4959-ABDA-B0D1A7689896}.Debug|Any CPU.Build.0 = Debug|Any CPU
		{6EDEA2BE-105F-4959-ABDA-B0D1A7689896}.Release|Any CPU.ActiveCfg = Release|Any CPU
		{6EDEA2BE-105F-4959-ABDA-B0D1A7689896}.Release|Any CPU.Build.0 = Release|Any CPU
	EndGlobalSection
	GlobalSection(SolutionProperties) = preSolution
		HideSolutionNode = FALSE
	EndGlobalSection
	GlobalSection(ExtensibilityGlobals) = postSolution
		SolutionGuid = {6875D349-2C5C-48E0-88E5-EC2ABE12E807}
	EndGlobalSection
EndGlobal
