
Microsoft Visual Studio Solution File, Format Version 12.00
# Visual Studio Version 17
VisualStudioVersion = 17.10.34928.147
MinimumVisualStudioVersion = 10.0.40219.1
Project("{FAE04EC0-301F-11D3-BF4B-00C04F79EFBC}") = "28.11.24 Fantasy Football", "28.11.24 Fantasy Football.csproj", "{BE8B13F1-064F-4DB6-8FD3-B532CCDE5C48}"
EndProject
Global
	GlobalSection(SolutionConfigurationPlatforms) = preSolution
		Debug|Any CPU = Debug|Any CPU
		Release|Any CPU = Release|Any CPU
	EndGlobalSection
	GlobalSection(ProjectConfigurationPlatforms) = postSolution
		{BE8B13F1-064F-4DB6-8FD3-B532CCDE5C48}.Debug|Any CPU.ActiveCfg = Debug|Any CPU
		{BE8B13F1-064F-4DB6-8FD3-B532CCDE5C48}.Debug|Any CPU.Build.0 = Debug|Any CPU
		{BE8B13F1-064F-4DB6-8FD3-B532CCDE5C48}.Release|Any CPU.ActiveCfg = Release|Any CPU
		{BE8B13F1-064F-4DB6-8FD3-B532CCDE5C48}.Release|Any CPU.Build.0 = Release|Any CPU
	EndGlobalSection
	GlobalSection(SolutionProperties) = preSolution
		HideSolutionNode = FALSE
	EndGlobalSection
	GlobalSection(ExtensibilityGlobals) = postSolution
		SolutionGuid = {339E34B6-155D-4A0F-B393-1E639EBCDB4F}
	EndGlobalSection
EndGlobal
