
Microsoft Visual Studio Solution File, Format Version 12.00
# Visual Studio Version 17
VisualStudioVersion = 17.10.34928.147
MinimumVisualStudioVersion = 10.0.40219.1
Project("{FAE04EC0-301F-11D3-BF4B-00C04F79EFBC}") = "09.10.24 Top Films", "09.10.24 Top Films.csproj", "{0B8CB18B-BFFE-4746-B1E5-41B5DB332332}"
EndProject
Global
	GlobalSection(SolutionConfigurationPlatforms) = preSolution
		Debug|Any CPU = Debug|Any CPU
		Release|Any CPU = Release|Any CPU
	EndGlobalSection
	GlobalSection(ProjectConfigurationPlatforms) = postSolution
		{0B8CB18B-BFFE-4746-B1E5-41B5DB332332}.Debug|Any CPU.ActiveCfg = Debug|Any CPU
		{0B8CB18B-BFFE-4746-B1E5-41B5DB332332}.Debug|Any CPU.Build.0 = Debug|Any CPU
		{0B8CB18B-BFFE-4746-B1E5-41B5DB332332}.Release|Any CPU.ActiveCfg = Release|Any CPU
		{0B8CB18B-BFFE-4746-B1E5-41B5DB332332}.Release|Any CPU.Build.0 = Release|Any CPU
	EndGlobalSection
	GlobalSection(SolutionProperties) = preSolution
		HideSolutionNode = FALSE
	EndGlobalSection
	GlobalSection(ExtensibilityGlobals) = postSolution
		SolutionGuid = {F055F9CB-2818-4DF9-8799-FF5E37A2B1D4}
	EndGlobalSection
EndGlobal
