
Microsoft Visual Studio Solution File, Format Version 12.00
# Visual Studio Version 17
VisualStudioVersion = 17.10.34928.147
MinimumVisualStudioVersion = 10.0.40219.1
Project("{FAE04EC0-301F-11D3-BF4B-00C04F79EFBC}") = "26.02.25 Banking", "26.02.25 Banking.csproj", "{8C91865C-3B67-4596-96DE-65EC5CE96005}"
EndProject
Global
	GlobalSection(SolutionConfigurationPlatforms) = preSolution
		Debug|Any CPU = Debug|Any CPU
		Release|Any CPU = Release|Any CPU
	EndGlobalSection
	GlobalSection(ProjectConfigurationPlatforms) = postSolution
		{8C91865C-3B67-4596-96DE-65EC5CE96005}.Debug|Any CPU.ActiveCfg = Debug|Any CPU
		{8C91865C-3B67-4596-96DE-65EC5CE96005}.Debug|Any CPU.Build.0 = Debug|Any CPU
		{8C91865C-3B67-4596-96DE-65EC5CE96005}.Release|Any CPU.ActiveCfg = Release|Any CPU
		{8C91865C-3B67-4596-96DE-65EC5CE96005}.Release|Any CPU.Build.0 = Release|Any CPU
	EndGlobalSection
	GlobalSection(SolutionProperties) = preSolution
		HideSolutionNode = FALSE
	EndGlobalSection
	GlobalSection(ExtensibilityGlobals) = postSolution
		SolutionGuid = {7A31098E-AFBC-4755-9F4D-F19B4E95AA4A}
	EndGlobalSection
EndGlobal
