
Microsoft Visual Studio Solution File, Format Version 12.00
# Visual Studio Version 17
VisualStudioVersion = 17.10.34928.147
MinimumVisualStudioVersion = 10.0.40219.1
Project("{FAE04EC0-301F-11D3-BF4B-00C04F79EFBC}") = "25.09.24 Password Validation", "25.09.24 Password Validation.csproj", "{B38B999E-401D-42BD-917D-068B3B71CF66}"
EndProject
Global
	GlobalSection(SolutionConfigurationPlatforms) = preSolution
		Debug|Any CPU = Debug|Any CPU
		Release|Any CPU = Release|Any CPU
	EndGlobalSection
	GlobalSection(ProjectConfigurationPlatforms) = postSolution
		{B38B999E-401D-42BD-917D-068B3B71CF66}.Debug|Any CPU.ActiveCfg = Debug|Any CPU
		{B38B999E-401D-42BD-917D-068B3B71CF66}.Debug|Any CPU.Build.0 = Debug|Any CPU
		{B38B999E-401D-42BD-917D-068B3B71CF66}.Release|Any CPU.ActiveCfg = Release|Any CPU
		{B38B999E-401D-42BD-917D-068B3B71CF66}.Release|Any CPU.Build.0 = Release|Any CPU
	EndGlobalSection
	GlobalSection(SolutionProperties) = preSolution
		HideSolutionNode = FALSE
	EndGlobalSection
	GlobalSection(ExtensibilityGlobals) = postSolution
		SolutionGuid = {2D4869D2-F4A6-49CD-A068-3BCD0B14CC19}
	EndGlobalSection
EndGlobal
